// !$*UTF8*$!
{
	archiveVersion = 1;
	classes = {
	};
	objectVersion = 46;
	objects = {

/* Begin PBXBuildFile section */
		2C405FE61B09E6EA00A7F311 /* main.m in Sources */ = {isa = PBXBuildFile; fileRef = 2C405FE51B09E6EA00A7F311 /* main.m */; };
		2C405FE91B09E6EA00A7F311 /* AppDelegate.m in Sources */ = {isa = PBXBuildFile; fileRef = 2C405FE81B09E6EA00A7F311 /* AppDelegate.m */; };
		2C405FEC1B09E6EA00A7F311 /* ViewController.m in Sources */ = {isa = PBXBuildFile; fileRef = 2C405FEB1B09E6EA00A7F311 /* ViewController.m */; };
		2C405FEF1B09E6EA00A7F311 /* Main.storyboard in Resources */ = {isa = PBXBuildFile; fileRef = 2C405FED1B09E6EA00A7F311 /* Main.storyboard */; };
		2C405FF11B09E6EA00A7F311 /* Images.xcassets in Resources */ = {isa = PBXBuildFile; fileRef = 2C405FF01B09E6EA00A7F311 /* Images.xcassets */; };
		2C405FF41B09E6EA00A7F311 /* LaunchScreen.xib in Resources */ = {isa = PBXBuildFile; fileRef = 2C405FF21B09E6EA00A7F311 /* LaunchScreen.xib */; };
		2C4060001B09E6EA00A7F311 /* RuntimeTests.m in Sources */ = {isa = PBXBuildFile; fileRef = 2C405FFF1B09E6EA00A7F311 /* RuntimeTests.m */; };
/* End PBXBuildFile section */

/* Begin PBXContainerItemProxy section */
		2C405FFA1B09E6EA00A7F311 /* PBXContainerItemProxy */ = {
			isa = PBXContainerItemProxy;
			containerPortal = 2C405FD81B09E6EA00A7F311 /* Project object */;
			proxyType = 1;
			remoteGlobalIDString = 2C405FDF1B09E6EA00A7F311;
			remoteInfo = Runtime;
		};
/* End PBXContainerItemProxy section */

/* Begin PBXFileReference section */
		2C405FE01B09E6EA00A7F311 /* Runtime.app */ = {isa = PBXFileReference; explicitFileType = wrapper.application; includeInIndex = 0; path = Runtime.app; sourceTree = BUILT_PRODUCTS_DIR; };
		2C405FE41B09E6EA00A7F311 /* Info.plist */ = {isa = PBXFileReference; lastKnownFileType = text.plist.xml; path = Info.plist; sourceTree = "<group>"; };
		2C405FE51B09E6EA00A7F311 /* main.m */ = {isa = PBXFileReference; lastKnownFileType = sourcecode.c.objc; path = main.m; sourceTree = "<group>"; };
		2C405FE71B09E6EA00A7F311 /* AppDelegate.h */ = {isa = PBXFileReference; lastKnownFileType = sourcecode.c.h; path = AppDelegate.h; sourceTree = "<group>"; };
		2C405FE81B09E6EA00A7F311 /* AppDelegate.m */ = {isa = PBXFileReference; lastKnownFileType = sourcecode.c.objc; path = AppDelegate.m; sourceTree = "<group>"; };
		2C405FEA1B09E6EA00A7F311 /* ViewController.h */ = {isa = PBXFileReference; lastKnownFileType = sourcecode.c.h; path = ViewController.h; sourceTree = "<group>"; };
		2C405FEB1B09E6EA00A7F311 /* ViewController.m */ = {isa = PBXFileReference; lastKnownFileType = sourcecode.c.objc; path = ViewController.m; sourceTree = "<group>"; };
		2C405FEE1B09E6EA00A7F311 /* Base */ = {isa = PBXFileReference; lastKnownFileType = file.storyboard; name = Base; path = Base.lproj/Main.storyboard; sourceTree = "<group>"; };
		2C405FF01B09E6EA00A7F311 /* Images.xcassets */ = {isa = PBXFileReference; lastKnownFileType = folder.assetcatalog; path = Images.xcassets; sourceTree = "<group>"; };
		2C405FF31B09E6EA00A7F311 /* Base */ = {isa = PBXFileReference; lastKnownFileType = file.xib; name = Base; path = Base.lproj/LaunchScreen.xib; sourceTree = "<group>"; };
		2C405FF91B09E6EA00A7F311 /* RuntimeTests.xctest */ = {isa = PBXFileReference; explicitFileType = wrapper.cfbundle; includeInIndex = 0; path = RuntimeTests.xctest; sourceTree = BUILT_PRODUCTS_DIR; };
		2C405FFE1B09E6EA00A7F311 /* Info.plist */ = {isa = PBXFileReference; lastKnownFileType = text.plist.xml; path = Info.plist; sourceTree = "<group>"; };
		2C405FFF1B09E6EA00A7F311 /* RuntimeTests.m */ = {isa = PBXFileReference; lastKnownFileType = sourcecode.c.objc; path = RuntimeTests.m; sourceTree = "<group>"; };
/* End PBXFileReference section */

/* Begin PBXFrameworksBuildPhase section */
		2C405FDD1B09E6EA00A7F311 /* Frameworks */ = {
			isa = PBXFrameworksBuildPhase;
			buildActionMask = 2147483647;
			files = (
			);
			runOnlyForDeploymentPostprocessing = 0;
		};
		2C405FF61B09E6EA00A7F311 /* Frameworks */ = {
			isa = PBXFrameworksBuildPhase;
			buildActionMask = 2147483647;
			files = (
			);
			runOnlyForDeploymentPostprocessing = 0;
		};
/* End PBXFrameworksBuildPhase section */

/* Begin PBXGroup section */
		2C405FD71B09E6EA00A7F311 = {
			isa = PBXGroup;
			children = (
				2C405FE21B09E6EA00A7F311 /* Runtime */,
				2C405FFC1B09E6EA00A7F311 /* RuntimeTests */,
				2C405FE11B09E6EA00A7F311 /* Products */,
			);
			sourceTree = "<group>";
		};
		2C405FE11B09E6EA00A7F311 /* Products */ = {
			isa = PBXGroup;
			children = (
				2C405FE01B09E6EA00A7F311 /* Runtime.app */,
				2C405FF91B09E6EA00A7F311 /* RuntimeTests.xctest */,
			);
			name = Products;
			sourceTree = "<group>";
		};
		2C405FE21B09E6EA00A7F311 /* Runtime */ = {
			isa = PBXGroup;
			children = (
				2C405FE71B09E6EA00A7F311 /* AppDelegate.h */,
				2C405FE81B09E6EA00A7F311 /* AppDelegate.m */,
				2C405FEA1B09E6EA00A7F311 /* ViewController.h */,
				2C405FEB1B09E6EA00A7F311 /* ViewController.m */,
				2C405FED1B09E6EA00A7F311 /* Main.storyboard */,
				2C405FF01B09E6EA00A7F311 /* Images.xcassets */,
				2C405FF21B09E6EA00A7F311 /* LaunchScreen.xib */,
				2C405FE31B09E6EA00A7F311 /* Supporting Files */,
			);
			path = Runtime;
			sourceTree = "<group>";
		};
		2C405FE31B09E6EA00A7F311 /* Supporting Files */ = {
			isa = PBXGroup;
			children = (
				2C405FE41B09E6EA00A7F311 /* Info.plist */,
				2C405FE51B09E6EA00A7F311 /* main.m */,
			);
			name = "Supporting Files";
			sourceTree = "<group>";
		};
		2C405FFC1B09E6EA00A7F311 /* RuntimeTests */ = {
			isa = PBXGroup;
			children = (
				2C405FFF1B09E6EA00A7F311 /* RuntimeTests.m */,
				2C405FFD1B09E6EA00A7F311 /* Supporting Files */,
			);
			path = RuntimeTests;
			sourceTree = "<group>";
		};
		2C405FFD1B09E6EA00A7F311 /* Supporting Files */ = {
			isa = PBXGroup;
			children = (
				2C405FFE1B09E6EA00A7F311 /* Info.plist */,
			);
			name = "Supporting Files";
			sourceTree = "<group>";
		};
/* End PBXGroup section */

/* Begin PBXNativeTarget section */
		2C405FDF1B09E6EA00A7F311 /* Runtime */ = {
			isa = PBXNativeTarget;
			buildConfigurationList = 2C4060031B09E6EA00A7F311 /* Build configuration list for PBXNativeTarget "Runtime" */;
			buildPhases = (
				2C405FDC1B09E6EA00A7F311 /* Sources */,
				2C405FDD1B09E6EA00A7F311 /* Frameworks */,
				2C405FDE1B09E6EA00A7F311 /* Resources */,
			);
			buildRules = (
			);
			dependencies = (
			);
			name = Runtime;
			productName = Runtime;
			productReference = 2C405FE01B09E6EA00A7F311 /* Runtime.app */;
			productType = "com.apple.product-type.application";
		};
		2C405FF81B09E6EA00A7F311 /* RuntimeTests */ = {
			isa = PBXNativeTarget;
			buildConfigurationList = 2C4060061B09E6EA00A7F311 /* Build configuration list for PBXNativeTarget "RuntimeTests" */;
			buildPhases = (
				2C405FF51B09E6EA00A7F311 /* Sources */,
				2C405FF61B09E6EA00A7F311 /* Frameworks */,
				2C405FF71B09E6EA00A7F311 /* Resources */,
			);
			buildRules = (
			);
			dependencies = (
				2C405FFB1B09E6EA00A7F311 /* PBXTargetDependency */,
			);
			name = RuntimeTests;
			productName = RuntimeTests;
			productReference = 2C405FF91B09E6EA00A7F311 /* RuntimeTests.xctest */;
			productType = "com.apple.product-type.bundle.unit-test";
		};
/* End PBXNativeTarget section */

/* Begin PBXProject section */
		2C405FD81B09E6EA00A7F311 /* Project object */ = {
			isa = PBXProject;
			attributes = {
				LastUpgradeCheck = 0630;
				ORGANIZATIONNAME = Johnson;
				TargetAttributes = {
					2C405FDF1B09E6EA00A7F311 = {
						CreatedOnToolsVersion = 6.3.1;
					};
					2C405FF81B09E6EA00A7F311 = {
						CreatedOnToolsVersion = 6.3.1;
						TestTargetID = 2C405FDF1B09E6EA00A7F311;
					};
				};
			};
			buildConfigurationList = 2C405FDB1B09E6EA00A7F311 /* Build configuration list for PBXProject "Runtime" */;
			compatibilityVersion = "Xcode 3.2";
			developmentRegion = English;
			hasScannedForEncodings = 0;
			knownRegions = (
				en,
				Base,
			);
			mainGroup = 2C405FD71B09E6EA00A7F311;
			productRefGroup = 2C405FE11B09E6EA00A7F311 /* Products */;
			projectDirPath = "";
			projectRoot = "";
			targets = (
				2C405FDF1B09E6EA00A7F311 /* Runtime */,
				2C405FF81B09E6EA00A7F311 /* RuntimeTests */,
			);
		};
/* End PBXProject section */

/* Begin PBXResourcesBuildPhase section */
		2C405FDE1B09E6EA00A7F311 /* Resources */ = {
			isa = PBXResourcesBuildPhase;
			buildActionMask = 2147483647;
			files = (
				2C405FEF1B09E6EA00A7F311 /* Main.storyboard in Resources */,
				2C405FF41B09E6EA00A7F311 /* LaunchScreen.xib in Resources */,
				2C405FF11B09E6EA00A7F311 /* Images.xcassets in Resources */,
			);
			runOnlyForDeploymentPostprocessing = 0;
		};
		2C405FF71B09E6EA00A7F311 /* Resources */ = {
			isa = PBXResourcesBuildPhase;
			buildActionMask = 2147483647;
			files = (
			);
			runOnlyForDeploymentPostprocessing = 0;
		};
/* End PBXResourcesBuildPhase section */

/* Begin PBXSourcesBuildPhase section */
		2C405FDC1B09E6EA00A7F311 /* Sources */ = {
			isa = PBXSourcesBuildPhase;
			buildActionMask = 2147483647;
			files = (
				2C405FEC1B09E6EA00A7F311 /* ViewController.m in Sources */,
				2C405FE91B09E6EA00A7F311 /* AppDelegate.m in Sources */,
				2C405FE61B09E6EA00A7F311 /* main.m in Sources */,
			);
			runOnlyForDeploymentPostprocessing = 0;
		};
		2C405FF51B09E6EA00A7F311 /* Sources */ = {
			isa = PBXSourcesBuildPhase;
			buildActionMask = 2147483647;
			files = (
				2C4060001B09E6EA00A7F311 /* RuntimeTests.m in Sources */,
			);
			runOnlyForDeploymentPostprocessing = 0;
		};
/* End PBXSourcesBuildPhase section */

/* Begin PBXTargetDependency section */
		2C405FFB1B09E6EA00A7F311 /* PBXTargetDependency */ = {
			isa = PBXTargetDependency;
			target = 2C405FDF1B09E6EA00A7F311 /* Runtime */;
			targetProxy = 2C405FFA1B09E6EA00A7F311 /* PBXContainerItemProxy */;
		};
/* End PBXTargetDependency section */

/* Begin PBXVariantGroup section */
		2C405FED1B09E6EA00A7F311 /* Main.storyboard */ = {
			isa = PBXVariantGroup;
			children = (
				2C405FEE1B09E6EA00A7F311 /* Base */,
			);
			name = Main.storyboard;
			sourceTree = "<group>";
		};
		2C405FF21B09E6EA00A7F311 /* LaunchScreen.xib */ = {
			isa = PBXVariantGroup;
			children = (
				2C405FF31B09E6EA00A7F311 /* Base */,
			);
			name = LaunchScreen.xib;
			sourceTree = "<group>";
		};
/* End PBXVariantGroup section */

/* Begin XCBuildConfiguration section */
		2C4060011B09E6EA00A7F311 /* Debug */ = {
			isa = XCBuildConfiguration;
			buildSettings = {
				ALWAYS_SEARCH_USER_PATHS = NO;
				CLANG_CXX_LANGUAGE_STANDARD = "gnu++0x";
				CLANG_CXX_LIBRARY = "libc++";
				CLANG_ENABLE_MODULES = YES;
				CLANG_ENABLE_OBJC_ARC = YES;
				CLANG_WARN_BOOL_CONVERSION = YES;
				CLANG_WARN_CONSTANT_CONVERSION = YES;
				CLANG_WARN_DIRECT_OBJC_ISA_USAGE = YES_ERROR;
				CLANG_WARN_EMPTY_BODY = YES;
				CLANG_WARN_ENUM_CONVERSION = YES;
				CLANG_WARN_INT_CONVERSION = YES;
				CLANG_WARN_OBJC_ROOT_CLASS = YES_ERROR;
				CLANG_WARN_UNREACHABLE_CODE = YES;
				CLANG_WARN__DUPLICATE_METHOD_MATCH = YES;
				"CODE_SIGN_IDENTITY[sdk=iphoneos*]" = "iPhone Developer";
				COPY_PHASE_STRIP = NO;
				DEBUG_INFORMATION_FORMAT = "dwarf-with-dsym";
				ENABLE_STRICT_OBJC_MSGSEND = YES;
				GCC_C_LANGUAGE_STANDARD = gnu99;
				GCC_DYNAMIC_NO_PIC = NO;
				GCC_NO_COMMON_BLOCKS = YES;
				GCC_OPTIMIZATION_LEVEL = 0;
				GCC_PREPROCESSOR_DEFINITIONS = (
					"DEBUG=1",
					"$(inherited)",
				);
				GCC_SYMBOLS_PRIVATE_EXTERN = NO;
				GCC_WARN_64_TO_32_BIT_CONVERSION = YES;
				GCC_WARN_ABOUT_RETURN_TYPE = YES_ERROR;
				GCC_WARN_UNDECLARED_SELECTOR = YES;
				GCC_WARN_UNINITIALIZED_AUTOS = YES_AGGRESSIVE;
				GCC_WARN_UNUSED_FUNCTION = YES;
				GCC_WARN_UNUSED_VARIABLE = YES;
				IPHONEOS_DEPLOYMENT_TARGET = 8.3;
				MTL_ENABLE_DEBUG_INFO = YES;
				ONLY_ACTIVE_ARCH = YES;
				SDKROOT = iphoneos;
			};
			name = Debug;
		};
		2C4060021B09E6EA00A7F311 /* Release */ = {
			isa = XCBuildConfiguration;
			buildSettings = {
				ALWAYS_SEARCH_USER_PATHS = NO;
				CLANG_CXX_LANGUAGE_STANDARD = "gnu++0x";
				CLANG_CXX_LIBRARY = "libc++";
				CLANG_ENABLE_MODULES = YES;
				CLANG_ENABLE_OBJC_ARC = YES;
				CLANG_WARN_BOOL_CONVERSION = YES;
				CLANG_WARN_CONSTANT_CONVERSION = YES;
				CLANG_WARN_DIRECT_OBJC_ISA_USAGE = YES_ERROR;
				CLANG_WARN_EMPTY_BODY = YES;
				CLANG_WARN_ENUM_CONVERSION = YES;
				CLANG_WARN_INT_CONVERSION = YES;
				CLANG_WARN_OBJC_ROOT_CLASS = YES_ERROR;
				CLANG_WARN_UNREACHABLE_CODE = YES;
				CLANG_WARN__DUPLICATE_METHOD_MATCH = YES;
				"CODE_SIGN_IDENTITY[sdk=iphoneos*]" = "iPhone Developer";
				COPY_PHASE_STRIP = NO;
				DEBUG_INFORMATION_FORMAT = "dwarf-with-dsym";
				ENABLE_NS_ASSERTIONS = NO;
				ENABLE_STRICT_OBJC_MSGSEND = YES;
				GCC_C_LANGUAGE_STANDARD = gnu99;
				GCC_NO_COMMON_BLOCKS = YES;
				GCC_WARN_64_TO_32_BIT_CONVERSION = YES;
				GCC_WARN_ABOUT_RETURN_TYPE = YES_ERROR;
				GCC_WARN_UNDECLARED_SELECTOR = YES;
				GCC_WARN_UNINITIALIZED_AUTOS = YES_AGGRESSIVE;
				GCC_WARN_UNUSED_FUNCTION = YES;
				GCC_WARN_UNUSED_VARIABLE = YES;
				IPHONEOS_DEPLOYMENT_TARGET = 8.3;
				MTL_ENABLE_DEBUG_INFO = NO;
				SDKROOT = iphoneos;
				VALIDATE_PRODUCT = YES;
			};
			name = Release;
		};
		2C4060041B09E6EA00A7F311 /* Debug */ = {
			isa = XCBuildConfiguration;
			buildSettings = {
				ASSETCATALOG_COMPILER_APPICON_NAME = AppIcon;
				INFOPLIST_FILE = Runtime/Info.plist;
				LD_RUNPATH_SEARCH_PATHS = "$(inherited) @executable_path/Frameworks";
				PRODUCT_NAME = "$(TARGET_NAME)";
			};
			name = Debug;
		};
		2C4060051B09E6EA00A7F311 /* Release */ = {
			isa = XCBuildConfiguration;
			buildSettings = {
				ASSETCATALOG_COMPILER_APPICON_NAME = AppIcon;
				INFOPLIST_FILE = Runtime/Info.plist;
				LD_RUNPATH_SEARCH_PATHS = "$(inherited) @executable_path/Frameworks";
				PRODUCT_NAME = "$(TARGET_NAME)";
			};
			name = Release;
		};
		2C4060071B09E6EA00A7F311 /* Debug */ = {
			isa = XCBuildConfiguration;
			buildSettings = {
				BUNDLE_LOADER = "$(TEST_HOST)";
				FRAMEWORK_SEARCH_PATHS = (
					"$(SDKROOT)/Developer/Library/Frameworks",
					"$(inherited)",
				);
				GCC_PREPROCESSOR_DEFINITIONS = (
					"DEBUG=1",
					"$(inherited)",
				);
				INFOPLIST_FILE = RuntimeTests/Info.plist;
				LD_RUNPATH_SEARCH_PATHS = "$(inherited) @executable_path/Frameworks @loader_path/Frameworks";
				PRODUCT_NAME = "$(TARGET_NAME)";
				TEST_HOST = "$(BUILT_PRODUCTS_DIR)/Runtime.app/Runtime";
			};
			name = Debug;
		};
		2C4060081B09E6EA00A7F311 /* Release */ = {
			isa = XCBuildConfiguration;
			buildSettings = {
				BUNDLE_LOADER = "$(TEST_HOST)";
				FRAMEWORK_SEARCH_PATHS = (
					"$(SDKROOT)/Developer/Library/Frameworks",
					"$(inherited)",
				);
				INFOPLIST_FILE = RuntimeTests/Info.plist;
				LD_RUNPATH_SEARCH_PATHS = "$(inherited) @executable_path/Frameworks @loader_path/Frameworks";
				PRODUCT_NAME = "$(TARGET_NAME)";
				TEST_HOST = "$(BUILT_PRODUCTS_DIR)/Runtime.app/Runtime";
			};
			name = Release;
		};
/* End XCBuildConfiguration section */

/* Begin XCConfigurationList section */
		2C405FDB1B09E6EA00A7F311 /* Build configuration list for PBXProject "Runtime" */ = {
			isa = XCConfigurationList;
			buildConfigurations = (
				2C4060011B09E6EA00A7F311 /* Debug */,
				2C4060021B09E6EA00A7F311 /* Release */,
			);
			defaultConfigurationIsVisible = 0;
			defaultConfigurationName = Release;
		};
		2C4060031B09E6EA00A7F311 /* Build configuration list for PBXNativeTarget "Runtime" */ = {
			isa = XCConfigurationList;
			buildConfigurations = (
				2C4060041B09E6EA00A7F311 /* Debug */,
				2C4060051B09E6EA00A7F311 /* Release */,
			);
			defaultConfigurationIsVisible = 0;
		};
		2C4060061B09E6EA00A7F311 /* Build configuration list for PBXNativeTarget "RuntimeTests" */ = {
			isa = XCConfigurationList;
			buildConfigurations = (
				2C4060071B09E6EA00A7F311 /* Debug */,
				2C4060081B09E6EA00A7F311 /* Release */,
			);
			defaultConfigurationIsVisible = 0;
		};
/* End XCConfigurationList section */
	};
	rootObject = 2C405FD81B09E6EA00A7F311 /* Project object */;
}
